
Microsoft Visual Studio Solution File, Format Version 12.00
# Visual Studio Version 16
VisualStudioVersion = 16.0.30503.244
MinimumVisualStudioVersion = 10.0.40219.1
Project("{FAE04EC0-301F-11D3-BF4B-00C04F79EFBC}") = "Bug_Tracker_Project", "Bug_Tracker_Project.csproj", "{71835C7F-FF63-442C-934D-F15A23C369FA}"
EndProject
Project("{FAE04EC0-301F-11D3-BF4B-00C04F79EFBC}") = "Bug_Tracker_Project.Tests", "..\Bug_Tracker_Project.Tests\Bug_Tracker_Project.Tests.csproj", "{2481CA01-1366-4035-8A82-81B152D77B92}"
EndProject
Global
	GlobalSection(SolutionConfigurationPlatforms) = preSolution
		Debug|Any CPU = Debug|Any CPU
		Release|Any CPU = Release|Any CPU
	EndGlobalSection
	GlobalSection(ProjectConfigurationPlatforms) = postSolution
		{71835C7F-FF63-442C-934D-F15A23C369FA}.Debug|Any CPU.ActiveCfg = Debug|Any CPU
		{71835C7F-FF63-442C-934D-F15A23C369FA}.Debug|Any CPU.Build.0 = Debug|Any CPU
		{71835C7F-FF63-442C-934D-F15A23C369FA}.Release|Any CPU.ActiveCfg = Release|Any CPU
		{71835C7F-FF63-442C-934D-F15A23C369FA}.Release|Any CPU.Build.0 = Release|Any CPU
		{2481CA01-1366-4035-8A82-81B152D77B92}.Debug|Any CPU.ActiveCfg = Debug|Any CPU
		{2481CA01-1366-4035-8A82-81B152D77B92}.Debug|Any CPU.Build.0 = Debug|Any CPU
		{2481CA01-1366-4035-8A82-81B152D77B92}.Release|Any CPU.ActiveCfg = Release|Any CPU
		{2481CA01-1366-4035-8A82-81B152D77B92}.Release|Any CPU.Build.0 = Release|Any CPU
	EndGlobalSection
	GlobalSection(SolutionProperties) = preSolution
		HideSolutionNode = FALSE
	EndGlobalSection
	GlobalSection(ExtensibilityGlobals) = postSolution
		SolutionGuid = {4CED0BB0-33FC-4DAE-AC3B-893E0B3CF911}
	EndGlobalSection
EndGlobal
